// !$*UTF8*$!
{
	archiveVersion = 1;
	classes = {
	};
	objectVersion = 46;
	objects = {

/* Begin PBXBuildFile section */
		6935757D6DF22A27F2C8276C /* Pods_BMSTU_Map.framework in Frameworks */ = {isa = PBXBuildFile; fileRef = D6E883E3E44E92FDE008B12B /* Pods_BMSTU_Map.framework */; };
		AE2491B11E92C88B0078F378 /* RealmSwift.framework in Frameworks */ = {isa = PBXBuildFile; fileRef = AE9700931E92B72C00B16310 /* RealmSwift.framework */; };
		AE2491B21E92C8930078F378 /* Realm.framework in Frameworks */ = {isa = PBXBuildFile; fileRef = AE9700951E92C2FC00B16310 /* Realm.framework */; };
		AE745EBA1E92CD000043064F /* Auditories.swift in Sources */ = {isa = PBXBuildFile; fileRef = AE745EB91E92CD000043064F /* Auditories.swift */; };
		AE9700991E92C3E000B16310 /* Realm.framework in Sources */ = {isa = PBXBuildFile; fileRef = AE9700951E92C2FC00B16310 /* Realm.framework */; };
		AE97009A1E92C3E000B16310 /* RealmSwift.framework in Sources */ = {isa = PBXBuildFile; fileRef = AE9700931E92B72C00B16310 /* RealmSwift.framework */; };
		AEB9A5C71E917F4D00ABC82B /* AppDelegate.swift in Sources */ = {isa = PBXBuildFile; fileRef = AEB9A5C61E917F4D00ABC82B /* AppDelegate.swift */; };
		AEB9A5C91E917F4D00ABC82B /* ViewController.swift in Sources */ = {isa = PBXBuildFile; fileRef = AEB9A5C81E917F4D00ABC82B /* ViewController.swift */; };
		AEB9A5CC1E917F4D00ABC82B /* Main.storyboard in Resources */ = {isa = PBXBuildFile; fileRef = AEB9A5CA1E917F4D00ABC82B /* Main.storyboard */; };
		AEB9A5CF1E917F4E00ABC82B /* BMSTU_Map.xcdatamodeld in Sources */ = {isa = PBXBuildFile; fileRef = AEB9A5CD1E917F4E00ABC82B /* BMSTU_Map.xcdatamodeld */; };
		AEB9A5D11E917F4E00ABC82B /* Assets.xcassets in Resources */ = {isa = PBXBuildFile; fileRef = AEB9A5D01E917F4E00ABC82B /* Assets.xcassets */; };
		AEB9A5D41E917F4E00ABC82B /* LaunchScreen.storyboard in Resources */ = {isa = PBXBuildFile; fileRef = AEB9A5D21E917F4E00ABC82B /* LaunchScreen.storyboard */; };
		AEB9A5DC1E91810500ABC82B /* logo.png in Resources */ = {isa = PBXBuildFile; fileRef = AEB9A5DB1E91810500ABC82B /* logo.png */; };
/* End PBXBuildFile section */

/* Begin PBXFileReference section */
		405DC0BB8DA313A7C15E8FEC /* Pods-BMSTU-Map.release.xcconfig */ = {isa = PBXFileReference; includeInIndex = 1; lastKnownFileType = text.xcconfig; name = "Pods-BMSTU-Map.release.xcconfig"; path = "Pods/Target Support Files/Pods-BMSTU-Map/Pods-BMSTU-Map.release.xcconfig"; sourceTree = "<group>"; };
		AE745EB91E92CD000043064F /* Auditories.swift */ = {isa = PBXFileReference; fileEncoding = 4; lastKnownFileType = sourcecode.swift; path = Auditories.swift; sourceTree = "<group>"; };
		AE9700931E92B72C00B16310 /* RealmSwift.framework */ = {isa = PBXFileReference; lastKnownFileType = wrapper.framework; name = RealmSwift.framework; path = "../../../../Library/Developer/Xcode/DerivedData/BMSTU-Map-bzqfmjfgdvbytfelirfmzuvmqkal/Build/Products/Debug-iphonesimulator/RealmSwift/RealmSwift.framework"; sourceTree = "<group>"; };
		AE9700951E92C2FC00B16310 /* Realm.framework */ = {isa = PBXFileReference; lastKnownFileType = wrapper.framework; name = Realm.framework; path = "../../../../Library/Developer/Xcode/DerivedData/BMSTU-Map-bzqfmjfgdvbytfelirfmzuvmqkal/Build/Products/Debug-iphonesimulator/Realm/Realm.framework"; sourceTree = "<group>"; };
		AEB9A5C31E917F4D00ABC82B /* BMSTU-Map.app */ = {isa = PBXFileReference; explicitFileType = wrapper.application; includeInIndex = 0; path = "BMSTU-Map.app"; sourceTree = BUILT_PRODUCTS_DIR; };
		AEB9A5C61E917F4D00ABC82B /* AppDelegate.swift */ = {isa = PBXFileReference; lastKnownFileType = sourcecode.swift; path = AppDelegate.swift; sourceTree = "<group>"; };
		AEB9A5C81E917F4D00ABC82B /* ViewController.swift */ = {isa = PBXFileReference; lastKnownFileType = sourcecode.swift; path = ViewController.swift; sourceTree = "<group>"; };
		AEB9A5CB1E917F4D00ABC82B /* Base */ = {isa = PBXFileReference; lastKnownFileType = file.storyboard; name = Base; path = Base.lproj/Main.storyboard; sourceTree = "<group>"; };
		AEB9A5CE1E917F4E00ABC82B /* BMSTU_Map.xcdatamodel */ = {isa = PBXFileReference; lastKnownFileType = wrapper.xcdatamodel; path = BMSTU_Map.xcdatamodel; sourceTree = "<group>"; };
		AEB9A5D01E917F4E00ABC82B /* Assets.xcassets */ = {isa = PBXFileReference; lastKnownFileType = folder.assetcatalog; path = Assets.xcassets; sourceTree = "<group>"; };
		AEB9A5D31E917F4E00ABC82B /* Base */ = {isa = PBXFileReference; lastKnownFileType = file.storyboard; name = Base; path = Base.lproj/LaunchScreen.storyboard; sourceTree = "<group>"; };
		AEB9A5D51E917F4E00ABC82B /* Info.plist */ = {isa = PBXFileReference; lastKnownFileType = text.plist.xml; path = Info.plist; sourceTree = "<group>"; };
		AEB9A5DB1E91810500ABC82B /* logo.png */ = {isa = PBXFileReference; lastKnownFileType = image.png; path = logo.png; sourceTree = "<group>"; };
		CA3BAE0044B16C06C6231633 /* Pods-BMSTU-Map.debug.xcconfig */ = {isa = PBXFileReference; includeInIndex = 1; lastKnownFileType = text.xcconfig; name = "Pods-BMSTU-Map.debug.xcconfig"; path = "Pods/Target Support Files/Pods-BMSTU-Map/Pods-BMSTU-Map.debug.xcconfig"; sourceTree = "<group>"; };
		D6E883E3E44E92FDE008B12B /* Pods_BMSTU_Map.framework */ = {isa = PBXFileReference; explicitFileType = wrapper.framework; includeInIndex = 0; path = Pods_BMSTU_Map.framework; sourceTree = BUILT_PRODUCTS_DIR; };
/* End PBXFileReference section */

/* Begin PBXFrameworksBuildPhase section */
		AEB9A5C01E917F4D00ABC82B /* Frameworks */ = {
			isa = PBXFrameworksBuildPhase;
			buildActionMask = 2147483647;
			files = (
				AE2491B21E92C8930078F378 /* Realm.framework in Frameworks */,
				AE2491B11E92C88B0078F378 /* RealmSwift.framework in Frameworks */,
				6935757D6DF22A27F2C8276C /* Pods_BMSTU_Map.framework in Frameworks */,
			);
			runOnlyForDeploymentPostprocessing = 0;
		};
/* End PBXFrameworksBuildPhase section */

/* Begin PBXGroup section */
		19362874FAEF284FCC81D302 /* Frameworks */ = {
			isa = PBXGroup;
			children = (
				AE9700951E92C2FC00B16310 /* Realm.framework */,
				AE9700931E92B72C00B16310 /* RealmSwift.framework */,
				D6E883E3E44E92FDE008B12B /* Pods_BMSTU_Map.framework */,
			);
			name = Frameworks;
			sourceTree = "<group>";
		};
		AEB9A5BA1E917F4D00ABC82B = {
			isa = PBXGroup;
			children = (
				AEB9A5C51E917F4D00ABC82B /* BMSTU-Map */,
				AEB9A5C41E917F4D00ABC82B /* Products */,
				F0286E82E5F6FBD9DE8B8579 /* Pods */,
				19362874FAEF284FCC81D302 /* Frameworks */,
			);
			sourceTree = "<group>";
		};
		AEB9A5C41E917F4D00ABC82B /* Products */ = {
			isa = PBXGroup;
			children = (
				AEB9A5C31E917F4D00ABC82B /* BMSTU-Map.app */,
			);
			name = Products;
			sourceTree = "<group>";
		};
		AEB9A5C51E917F4D00ABC82B /* BMSTU-Map */ = {
			isa = PBXGroup;
			children = (
				AE745EB91E92CD000043064F /* Auditories.swift */,
				AEB9A5C61E917F4D00ABC82B /* AppDelegate.swift */,
				AEB9A5C81E917F4D00ABC82B /* ViewController.swift */,
				AEB9A5CA1E917F4D00ABC82B /* Main.storyboard */,
				AEB9A5DB1E91810500ABC82B /* logo.png */,
				AEB9A5D01E917F4E00ABC82B /* Assets.xcassets */,
				AEB9A5D21E917F4E00ABC82B /* LaunchScreen.storyboard */,
				AEB9A5D51E917F4E00ABC82B /* Info.plist */,
				AEB9A5CD1E917F4E00ABC82B /* BMSTU_Map.xcdatamodeld */,
			);
			path = "BMSTU-Map";
			sourceTree = "<group>";
		};
		F0286E82E5F6FBD9DE8B8579 /* Pods */ = {
			isa = PBXGroup;
			children = (
				CA3BAE0044B16C06C6231633 /* Pods-BMSTU-Map.debug.xcconfig */,
				405DC0BB8DA313A7C15E8FEC /* Pods-BMSTU-Map.release.xcconfig */,
			);
			name = Pods;
			sourceTree = "<group>";
		};
/* End PBXGroup section */

/* Begin PBXNativeTarget section */
		AEB9A5C21E917F4D00ABC82B /* BMSTU-Map */ = {
			isa = PBXNativeTarget;
			buildConfigurationList = AEB9A5D81E917F4E00ABC82B /* Build configuration list for PBXNativeTarget "BMSTU-Map" */;
			buildPhases = (
				636D56AA8DD9C52ACF722B32 /* [CP] Check Pods Manifest.lock */,
				AEB9A5BF1E917F4D00ABC82B /* Sources */,
				AEB9A5C01E917F4D00ABC82B /* Frameworks */,
				AEB9A5C11E917F4D00ABC82B /* Resources */,
				D1B9750B596A213C9D8E83A7 /* [CP] Embed Pods Frameworks */,
				1D3F8ED6C967C156A6536E6B /* [CP] Copy Pods Resources */,
			);
			buildRules = (
			);
			dependencies = (
			);
			name = "BMSTU-Map";
			productName = "BMSTU-Map";
			productReference = AEB9A5C31E917F4D00ABC82B /* BMSTU-Map.app */;
			productType = "com.apple.product-type.application";
		};
/* End PBXNativeTarget section */

/* Begin PBXProject section */
		AEB9A5BB1E917F4D00ABC82B /* Project object */ = {
			isa = PBXProject;
			attributes = {
				LastSwiftUpdateCheck = 0820;
				LastUpgradeCheck = 0820;
				ORGANIZATIONNAME = "Никита Курганов";
				TargetAttributes = {
					AEB9A5C21E917F4D00ABC82B = {
						CreatedOnToolsVersion = 8.2.1;
						DevelopmentTeam = 3D32EET7TF;
						ProvisioningStyle = Automatic;
					};
				};
			};
			buildConfigurationList = AEB9A5BE1E917F4D00ABC82B /* Build configuration list for PBXProject "BMSTU-Map" */;
			compatibilityVersion = "Xcode 3.2";
			developmentRegion = English;
			hasScannedForEncodings = 0;
			knownRegions = (
				en,
				Base,
			);
			mainGroup = AEB9A5BA1E917F4D00ABC82B;
			productRefGroup = AEB9A5C41E917F4D00ABC82B /* Products */;
			projectDirPath = "";
			projectRoot = "";
			targets = (
				AEB9A5C21E917F4D00ABC82B /* BMSTU-Map */,
			);
		};
/* End PBXProject section */

/* Begin PBXResourcesBuildPhase section */
		AEB9A5C11E917F4D00ABC82B /* Resources */ = {
			isa = PBXResourcesBuildPhase;
			buildActionMask = 2147483647;
			files = (
				AEB9A5DC1E91810500ABC82B /* logo.png in Resources */,
				AEB9A5D41E917F4E00ABC82B /* LaunchScreen.storyboard in Resources */,
				AEB9A5D11E917F4E00ABC82B /* Assets.xcassets in Resources */,
				AEB9A5CC1E917F4D00ABC82B /* Main.storyboard in Resources */,
			);
			runOnlyForDeploymentPostprocessing = 0;
		};
/* End PBXResourcesBuildPhase section */

/* Begin PBXShellScriptBuildPhase section */
		1D3F8ED6C967C156A6536E6B /* [CP] Copy Pods Resources */ = {
			isa = PBXShellScriptBuildPhase;
			buildActionMask = 2147483647;
			files = (
			);
			inputPaths = (
			);
			name = "[CP] Copy Pods Resources";
			outputPaths = (
			);
			runOnlyForDeploymentPostprocessing = 0;
			shellPath = /bin/sh;
			shellScript = "\"${SRCROOT}/Pods/Target Support Files/Pods-BMSTU-Map/Pods-BMSTU-Map-resources.sh\"\n";
			showEnvVarsInLog = 0;
		};
		636D56AA8DD9C52ACF722B32 /* [CP] Check Pods Manifest.lock */ = {
			isa = PBXShellScriptBuildPhase;
			buildActionMask = 2147483647;
			files = (
			);
			inputPaths = (
			);
			name = "[CP] Check Pods Manifest.lock";
			outputPaths = (
			);
			runOnlyForDeploymentPostprocessing = 0;
			shellPath = /bin/sh;
			shellScript = "diff \"${PODS_ROOT}/../Podfile.lock\" \"${PODS_ROOT}/Manifest.lock\" > /dev/null\nif [ $? != 0 ] ; then\n    # print error to STDERR\n    echo \"error: The sandbox is not in sync with the Podfile.lock. Run 'pod install' or update your CocoaPods installation.\" >&2\n    exit 1\nfi\n";
			showEnvVarsInLog = 0;
		};
		D1B9750B596A213C9D8E83A7 /* [CP] Embed Pods Frameworks */ = {
			isa = PBXShellScriptBuildPhase;
			buildActionMask = 2147483647;
			files = (
			);
			inputPaths = (
			);
			name = "[CP] Embed Pods Frameworks";
			outputPaths = (
			);
			runOnlyForDeploymentPostprocessing = 0;
			shellPath = /bin/sh;
			shellScript = "\"${SRCROOT}/Pods/Target Support Files/Pods-BMSTU-Map/Pods-BMSTU-Map-frameworks.sh\"\n";
			showEnvVarsInLog = 0;
		};
/* End PBXShellScriptBuildPhase section */

/* Begin PBXSourcesBuildPhase section */
		AEB9A5BF1E917F4D00ABC82B /* Sources */ = {
			isa = PBXSourcesBuildPhase;
			buildActionMask = 2147483647;
			files = (
				AE745EBA1E92CD000043064F /* Auditories.swift in Sources */,
				AE9700991E92C3E000B16310 /* Realm.framework in Sources */,
				AE97009A1E92C3E000B16310 /* RealmSwift.framework in Sources */,
				AEB9A5C91E917F4D00ABC82B /* ViewController.swift in Sources */,
				AEB9A5C71E917F4D00ABC82B /* AppDelegate.swift in Sources */,
				AEB9A5CF1E917F4E00ABC82B /* BMSTU_Map.xcdatamodeld in Sources */,
			);
			runOnlyForDeploymentPostprocessing = 0;
		};
/* End PBXSourcesBuildPhase section */

/* Begin PBXVariantGroup section */
		AEB9A5CA1E917F4D00ABC82B /* Main.storyboard */ = {
			isa = PBXVariantGroup;
			children = (
				AEB9A5CB1E917F4D00ABC82B /* Base */,
			);
			name = Main.storyboard;
			sourceTree = "<group>";
		};
		AEB9A5D21E917F4E00ABC82B /* LaunchScreen.storyboard */ = {
			isa = PBXVariantGroup;
			children = (
				AEB9A5D31E917F4E00ABC82B /* Base */,
			);
			name = LaunchScreen.storyboard;
			sourceTree = "<group>";
		};
/* End PBXVariantGroup section */

/* Begin XCBuildConfiguration section */
		AEB9A5D61E917F4E00ABC82B /* Debug */ = {
			isa = XCBuildConfiguration;
			buildSettings = {
				ALWAYS_SEARCH_USER_PATHS = NO;
				CLANG_ANALYZER_NONNULL = YES;
				CLANG_CXX_LANGUAGE_STANDARD = "gnu++0x";
				CLANG_CXX_LIBRARY = "libc++";
				CLANG_ENABLE_MODULES = YES;
				CLANG_ENABLE_OBJC_ARC = YES;
				CLANG_WARN_BOOL_CONVERSION = YES;
				CLANG_WARN_CONSTANT_CONVERSION = YES;
				CLANG_WARN_DIRECT_OBJC_ISA_USAGE = YES_ERROR;
				CLANG_WARN_DOCUMENTATION_COMMENTS = YES;
				CLANG_WARN_EMPTY_BODY = YES;
				CLANG_WARN_ENUM_CONVERSION = YES;
				CLANG_WARN_INFINITE_RECURSION = YES;
				CLANG_WARN_INT_CONVERSION = YES;
				CLANG_WARN_OBJC_ROOT_CLASS = YES_ERROR;
				CLANG_WARN_SUSPICIOUS_MOVE = YES;
				CLANG_WARN_UNREACHABLE_CODE = YES;
				CLANG_WARN__DUPLICATE_METHOD_MATCH = YES;
				"CODE_SIGN_IDENTITY[sdk=iphoneos*]" = "iPhone Developer";
				COPY_PHASE_STRIP = NO;
				DEBUG_INFORMATION_FORMAT = dwarf;
				ENABLE_STRICT_OBJC_MSGSEND = YES;
				ENABLE_TESTABILITY = YES;
				GCC_C_LANGUAGE_STANDARD = gnu99;
				GCC_DYNAMIC_NO_PIC = NO;
				GCC_NO_COMMON_BLOCKS = YES;
				GCC_OPTIMIZATION_LEVEL = 0;
				GCC_PREPROCESSOR_DEFINITIONS = (
					"DEBUG=1",
					"$(inherited)",
				);
				GCC_WARN_64_TO_32_BIT_CONVERSION = YES;
				GCC_WARN_ABOUT_RETURN_TYPE = YES_ERROR;
				GCC_WARN_UNDECLARED_SELECTOR = YES;
				GCC_WARN_UNINITIALIZED_AUTOS = YES_AGGRESSIVE;
				GCC_WARN_UNUSED_FUNCTION = YES;
				GCC_WARN_UNUSED_VARIABLE = YES;
				IPHONEOS_DEPLOYMENT_TARGET = 10.2;
				MTL_ENABLE_DEBUG_INFO = YES;
				ONLY_ACTIVE_ARCH = YES;
				SDKROOT = iphoneos;
				SWIFT_ACTIVE_COMPILATION_CONDITIONS = DEBUG;
				SWIFT_OPTIMIZATION_LEVEL = "-Onone";
				TARGETED_DEVICE_FAMILY = "1,2";
			};
			name = Debug;
		};
		AEB9A5D71E917F4E00ABC82B /* Release */ = {
			isa = XCBuildConfiguration;
			buildSettings = {
				ALWAYS_SEARCH_USER_PATHS = NO;
				CLANG_ANALYZER_NONNULL = YES;
				CLANG_CXX_LANGUAGE_STANDARD = "gnu++0x";
				CLANG_CXX_LIBRARY = "libc++";
				CLANG_ENABLE_MODULES = YES;
				CLANG_ENABLE_OBJC_ARC = YES;
				CLANG_WARN_BOOL_CONVERSION = YES;
				CLANG_WARN_CONSTANT_CONVERSION = YES;
				CLANG_WARN_DIRECT_OBJC_ISA_USAGE = YES_ERROR;
				CLANG_WARN_DOCUMENTATION_COMMENTS = YES;
				CLANG_WARN_EMPTY_BODY = YES;
				CLANG_WARN_ENUM_CONVERSION = YES;
				CLANG_WARN_INFINITE_RECURSION = YES;
				CLANG_WARN_INT_CONVERSION = YES;
				CLANG_WARN_OBJC_ROOT_CLASS = YES_ERROR;
				CLANG_WARN_SUSPICIOUS_MOVE = YES;
				CLANG_WARN_UNREACHABLE_CODE = YES;
				CLANG_WARN__DUPLICATE_METHOD_MATCH = YES;
				"CODE_SIGN_IDENTITY[sdk=iphoneos*]" = "iPhone Developer";
				COPY_PHASE_STRIP = NO;
				DEBUG_INFORMATION_FORMAT = "dwarf-with-dsym";
				ENABLE_NS_ASSERTIONS = NO;
				ENABLE_STRICT_OBJC_MSGSEND = YES;
				GCC_C_LANGUAGE_STANDARD = gnu99;
				GCC_NO_COMMON_BLOCKS = YES;
				GCC_WARN_64_TO_32_BIT_CONVERSION = YES;
				GCC_WARN_ABOUT_RETURN_TYPE = YES_ERROR;
				GCC_WARN_UNDECLARED_SELECTOR = YES;
				GCC_WARN_UNINITIALIZED_AUTOS = YES_AGGRESSIVE;
				GCC_WARN_UNUSED_FUNCTION = YES;
				GCC_WARN_UNUSED_VARIABLE = YES;
				IPHONEOS_DEPLOYMENT_TARGET = 10.2;
				MTL_ENABLE_DEBUG_INFO = NO;
				SDKROOT = iphoneos;
				SWIFT_OPTIMIZATION_LEVEL = "-Owholemodule";
				TARGETED_DEVICE_FAMILY = "1,2";
				VALIDATE_PRODUCT = YES;
			};
			name = Release;
		};
		AEB9A5D91E917F4E00ABC82B /* Debug */ = {
			isa = XCBuildConfiguration;
			baseConfigurationReference = CA3BAE0044B16C06C6231633 /* Pods-BMSTU-Map.debug.xcconfig */;
			buildSettings = {
				ASSETCATALOG_COMPILER_APPICON_NAME = AppIcon;
				DEVELOPMENT_TEAM = 3D32EET7TF;
				INFOPLIST_FILE = "BMSTU-Map/Info.plist";
				LD_RUNPATH_SEARCH_PATHS = "$(inherited) @executable_path/Frameworks";
				PRODUCT_BUNDLE_IDENTIFIER = "IU8-44.BMSTU-Map";
				PRODUCT_NAME = "$(TARGET_NAME)";
				SWIFT_VERSION = 3.0;
			};
			name = Debug;
		};
		AEB9A5DA1E917F4E00ABC82B /* Release */ = {
			isa = XCBuildConfiguration;
			baseConfigurationReference = 405DC0BB8DA313A7C15E8FEC /* Pods-BMSTU-Map.release.xcconfig */;
			buildSettings = {
				ASSETCATALOG_COMPILER_APPICON_NAME = AppIcon;
				DEVELOPMENT_TEAM = 3D32EET7TF;
				INFOPLIST_FILE = "BMSTU-Map/Info.plist";
				LD_RUNPATH_SEARCH_PATHS = "$(inherited) @executable_path/Frameworks";
				PRODUCT_BUNDLE_IDENTIFIER = "IU8-44.BMSTU-Map";
				PRODUCT_NAME = "$(TARGET_NAME)";
				SWIFT_VERSION = 3.0;
			};
			name = Release;
		};
/* End XCBuildConfiguration section */

/* Begin XCConfigurationList section */
		AEB9A5BE1E917F4D00ABC82B /* Build configuration list for PBXProject "BMSTU-Map" */ = {
			isa = XCConfigurationList;
			buildConfigurations = (
				AEB9A5D61E917F4E00ABC82B /* Debug */,
				AEB9A5D71E917F4E00ABC82B /* Release */,
			);
			defaultConfigurationIsVisible = 0;
			defaultConfigurationName = Release;
		};
		AEB9A5D81E917F4E00ABC82B /* Build configuration list for PBXNativeTarget "BMSTU-Map" */ = {
			isa = XCConfigurationList;
			buildConfigurations = (
				AEB9A5D91E917F4E00ABC82B /* Debug */,
				AEB9A5DA1E917F4E00ABC82B /* Release */,
			);
			defaultConfigurationIsVisible = 0;
			defaultConfigurationName = Release;
		};
/* End XCConfigurationList section */

/* Begin XCVersionGroup section */
		AEB9A5CD1E917F4E00ABC82B /* BMSTU_Map.xcdatamodeld */ = {
			isa = XCVersionGroup;
			children = (
				AEB9A5CE1E917F4E00ABC82B /* BMSTU_Map.xcdatamodel */,
			);
			currentVersion = AEB9A5CE1E917F4E00ABC82B /* BMSTU_Map.xcdatamodel */;
			path = BMSTU_Map.xcdatamodeld;
			sourceTree = "<group>";
			versionGroupType = wrapper.xcdatamodel;
		};
/* End XCVersionGroup section */
	};
	rootObject = AEB9A5BB1E917F4D00ABC82B /* Project object */;
}
