// !$*UTF8*$!
{
	archiveVersion = 1;
	classes = {
	};
	objectVersion = 46;
	objects = {

/* Begin PBXBuildFile section */
		AE08E9921E86A858005C3681 /* AppDelegate.swift in Sources */ = {isa = PBXBuildFile; fileRef = AE08E9911E86A858005C3681 /* AppDelegate.swift */; };
		AE08E9941E86A858005C3681 /* ViewController.swift in Sources */ = {isa = PBXBuildFile; fileRef = AE08E9931E86A858005C3681 /* ViewController.swift */; };
		AE08E9971E86A858005C3681 /* Main.storyboard in Resources */ = {isa = PBXBuildFile; fileRef = AE08E9951E86A858005C3681 /* Main.storyboard */; };
		AE08E9991E86A858005C3681 /* Assets.xcassets in Resources */ = {isa = PBXBuildFile; fileRef = AE08E9981E86A858005C3681 /* Assets.xcassets */; };
		AE08E99C1E86A858005C3681 /* LaunchScreen.storyboard in Resources */ = {isa = PBXBuildFile; fileRef = AE08E99A1E86A858005C3681 /* LaunchScreen.storyboard */; };
		AE08E9A41E86A958005C3681 /* Resoures in Resources */ = {isa = PBXBuildFile; fileRef = AE08E9A31E86A958005C3681 /* Resoures */; };
		AE08E9A61E86BFBD005C3681 /* main_logo.png in Resources */ = {isa = PBXBuildFile; fileRef = AE08E9A51E86BFBD005C3681 /* main_logo.png */; };
/* End PBXBuildFile section */

/* Begin PBXFileReference section */
		AE08E98E1E86A858005C3681 /* BMSTU_Map.app */ = {isa = PBXFileReference; explicitFileType = wrapper.application; includeInIndex = 0; path = BMSTU_Map.app; sourceTree = BUILT_PRODUCTS_DIR; };
		AE08E9911E86A858005C3681 /* AppDelegate.swift */ = {isa = PBXFileReference; lastKnownFileType = sourcecode.swift; path = AppDelegate.swift; sourceTree = "<group>"; };
		AE08E9931E86A858005C3681 /* ViewController.swift */ = {isa = PBXFileReference; lastKnownFileType = sourcecode.swift; path = ViewController.swift; sourceTree = "<group>"; };
		AE08E9961E86A858005C3681 /* Base */ = {isa = PBXFileReference; lastKnownFileType = file.storyboard; name = Base; path = Base.lproj/Main.storyboard; sourceTree = "<group>"; };
		AE08E9981E86A858005C3681 /* Assets.xcassets */ = {isa = PBXFileReference; lastKnownFileType = folder.assetcatalog; path = Assets.xcassets; sourceTree = "<group>"; };
		AE08E99B1E86A858005C3681 /* Base */ = {isa = PBXFileReference; lastKnownFileType = file.storyboard; name = Base; path = Base.lproj/LaunchScreen.storyboard; sourceTree = "<group>"; };
		AE08E99D1E86A858005C3681 /* Info.plist */ = {isa = PBXFileReference; lastKnownFileType = text.plist.xml; path = Info.plist; sourceTree = "<group>"; };
		AE08E9A31E86A958005C3681 /* Resoures */ = {isa = PBXFileReference; lastKnownFileType = folder; path = Resoures; sourceTree = "<group>"; };
		AE08E9A51E86BFBD005C3681 /* main_logo.png */ = {isa = PBXFileReference; lastKnownFileType = image.png; path = main_logo.png; sourceTree = "<group>"; };
/* End PBXFileReference section */

/* Begin PBXFrameworksBuildPhase section */
		AE08E98B1E86A858005C3681 /* Frameworks */ = {
			isa = PBXFrameworksBuildPhase;
			buildActionMask = 2147483647;
			files = (
			);
			runOnlyForDeploymentPostprocessing = 0;
		};
/* End PBXFrameworksBuildPhase section */

/* Begin PBXGroup section */
		AE08E9851E86A858005C3681 = {
			isa = PBXGroup;
			children = (
				AE08E9901E86A858005C3681 /* BMSTU_Map */,
				AE08E98F1E86A858005C3681 /* Products */,
			);
			sourceTree = "<group>";
		};
		AE08E98F1E86A858005C3681 /* Products */ = {
			isa = PBXGroup;
			children = (
				AE08E98E1E86A858005C3681 /* BMSTU_Map.app */,
			);
			name = Products;
			sourceTree = "<group>";
		};
		AE08E9901E86A858005C3681 /* BMSTU_Map */ = {
			isa = PBXGroup;
			children = (
				AE08E9A31E86A958005C3681 /* Resoures */,
				AE08E9911E86A858005C3681 /* AppDelegate.swift */,
				AE08E9931E86A858005C3681 /* ViewController.swift */,
				AE08E9951E86A858005C3681 /* Main.storyboard */,
				AE08E9981E86A858005C3681 /* Assets.xcassets */,
				AE08E9A51E86BFBD005C3681 /* main_logo.png */,
				AE08E99A1E86A858005C3681 /* LaunchScreen.storyboard */,
				AE08E99D1E86A858005C3681 /* Info.plist */,
			);
			path = BMSTU_Map;
			sourceTree = "<group>";
		};
/* End PBXGroup section */

/* Begin PBXNativeTarget section */
		AE08E98D1E86A858005C3681 /* BMSTU_Map */ = {
			isa = PBXNativeTarget;
			buildConfigurationList = AE08E9A01E86A858005C3681 /* Build configuration list for PBXNativeTarget "BMSTU_Map" */;
			buildPhases = (
				AE08E98A1E86A858005C3681 /* Sources */,
				AE08E98B1E86A858005C3681 /* Frameworks */,
				AE08E98C1E86A858005C3681 /* Resources */,
			);
			buildRules = (
			);
			dependencies = (
			);
			name = BMSTU_Map;
			productName = BMSTU_Map;
			productReference = AE08E98E1E86A858005C3681 /* BMSTU_Map.app */;
			productType = "com.apple.product-type.application";
		};
/* End PBXNativeTarget section */

/* Begin PBXProject section */
		AE08E9861E86A858005C3681 /* Project object */ = {
			isa = PBXProject;
			attributes = {
				LastSwiftUpdateCheck = 0820;
				LastUpgradeCheck = 0820;
				ORGANIZATIONNAME = "Никита Курганов";
				TargetAttributes = {
					AE08E98D1E86A858005C3681 = {
						CreatedOnToolsVersion = 8.2.1;
						DevelopmentTeam = 3D32EET7TF;
						ProvisioningStyle = Automatic;
					};
				};
			};
			buildConfigurationList = AE08E9891E86A858005C3681 /* Build configuration list for PBXProject "BMSTU_Map" */;
			compatibilityVersion = "Xcode 3.2";
			developmentRegion = English;
			hasScannedForEncodings = 0;
			knownRegions = (
				en,
				Base,
			);
			mainGroup = AE08E9851E86A858005C3681;
			productRefGroup = AE08E98F1E86A858005C3681 /* Products */;
			projectDirPath = "";
			projectRoot = "";
			targets = (
				AE08E98D1E86A858005C3681 /* BMSTU_Map */,
			);
		};
/* End PBXProject section */

/* Begin PBXResourcesBuildPhase section */
		AE08E98C1E86A858005C3681 /* Resources */ = {
			isa = PBXResourcesBuildPhase;
			buildActionMask = 2147483647;
			files = (
				AE08E9A61E86BFBD005C3681 /* main_logo.png in Resources */,
				AE08E9A41E86A958005C3681 /* Resoures in Resources */,
				AE08E99C1E86A858005C3681 /* LaunchScreen.storyboard in Resources */,
				AE08E9991E86A858005C3681 /* Assets.xcassets in Resources */,
				AE08E9971E86A858005C3681 /* Main.storyboard in Resources */,
			);
			runOnlyForDeploymentPostprocessing = 0;
		};
/* End PBXResourcesBuildPhase section */

/* Begin PBXSourcesBuildPhase section */
		AE08E98A1E86A858005C3681 /* Sources */ = {
			isa = PBXSourcesBuildPhase;
			buildActionMask = 2147483647;
			files = (
				AE08E9941E86A858005C3681 /* ViewController.swift in Sources */,
				AE08E9921E86A858005C3681 /* AppDelegate.swift in Sources */,
			);
			runOnlyForDeploymentPostprocessing = 0;
		};
/* End PBXSourcesBuildPhase section */

/* Begin PBXVariantGroup section */
		AE08E9951E86A858005C3681 /* Main.storyboard */ = {
			isa = PBXVariantGroup;
			children = (
				AE08E9961E86A858005C3681 /* Base */,
			);
			name = Main.storyboard;
			sourceTree = "<group>";
		};
		AE08E99A1E86A858005C3681 /* LaunchScreen.storyboard */ = {
			isa = PBXVariantGroup;
			children = (
				AE08E99B1E86A858005C3681 /* Base */,
			);
			name = LaunchScreen.storyboard;
			sourceTree = "<group>";
		};
/* End PBXVariantGroup section */

/* Begin XCBuildConfiguration section */
		AE08E99E1E86A858005C3681 /* Debug */ = {
			isa = XCBuildConfiguration;
			buildSettings = {
				ALWAYS_SEARCH_USER_PATHS = NO;
				CLANG_ANALYZER_NONNULL = YES;
				CLANG_CXX_LANGUAGE_STANDARD = "gnu++0x";
				CLANG_CXX_LIBRARY = "libc++";
				CLANG_ENABLE_MODULES = YES;
				CLANG_ENABLE_OBJC_ARC = YES;
				CLANG_WARN_BOOL_CONVERSION = YES;
				CLANG_WARN_CONSTANT_CONVERSION = YES;
				CLANG_WARN_DIRECT_OBJC_ISA_USAGE = YES_ERROR;
				CLANG_WARN_DOCUMENTATION_COMMENTS = YES;
				CLANG_WARN_EMPTY_BODY = YES;
				CLANG_WARN_ENUM_CONVERSION = YES;
				CLANG_WARN_INFINITE_RECURSION = YES;
				CLANG_WARN_INT_CONVERSION = YES;
				CLANG_WARN_OBJC_ROOT_CLASS = YES_ERROR;
				CLANG_WARN_SUSPICIOUS_MOVE = YES;
				CLANG_WARN_UNREACHABLE_CODE = YES;
				CLANG_WARN__DUPLICATE_METHOD_MATCH = YES;
				"CODE_SIGN_IDENTITY[sdk=iphoneos*]" = "iPhone Developer";
				COPY_PHASE_STRIP = NO;
				DEBUG_INFORMATION_FORMAT = dwarf;
				ENABLE_STRICT_OBJC_MSGSEND = YES;
				ENABLE_TESTABILITY = YES;
				GCC_C_LANGUAGE_STANDARD = gnu99;
				GCC_DYNAMIC_NO_PIC = NO;
				GCC_NO_COMMON_BLOCKS = YES;
				GCC_OPTIMIZATION_LEVEL = 0;
				GCC_PREPROCESSOR_DEFINITIONS = (
					"DEBUG=1",
					"$(inherited)",
				);
				GCC_WARN_64_TO_32_BIT_CONVERSION = YES;
				GCC_WARN_ABOUT_RETURN_TYPE = YES_ERROR;
				GCC_WARN_UNDECLARED_SELECTOR = YES;
				GCC_WARN_UNINITIALIZED_AUTOS = YES_AGGRESSIVE;
				GCC_WARN_UNUSED_FUNCTION = YES;
				GCC_WARN_UNUSED_VARIABLE = YES;
				IPHONEOS_DEPLOYMENT_TARGET = 10.2;
				MTL_ENABLE_DEBUG_INFO = YES;
				ONLY_ACTIVE_ARCH = YES;
				SDKROOT = iphoneos;
				SWIFT_ACTIVE_COMPILATION_CONDITIONS = DEBUG;
				SWIFT_OPTIMIZATION_LEVEL = "-Onone";
				TARGETED_DEVICE_FAMILY = "1,2";
			};
			name = Debug;
		};
		AE08E99F1E86A858005C3681 /* Release */ = {
			isa = XCBuildConfiguration;
			buildSettings = {
				ALWAYS_SEARCH_USER_PATHS = NO;
				CLANG_ANALYZER_NONNULL = YES;
				CLANG_CXX_LANGUAGE_STANDARD = "gnu++0x";
				CLANG_CXX_LIBRARY = "libc++";
				CLANG_ENABLE_MODULES = YES;
				CLANG_ENABLE_OBJC_ARC = YES;
				CLANG_WARN_BOOL_CONVERSION = YES;
				CLANG_WARN_CONSTANT_CONVERSION = YES;
				CLANG_WARN_DIRECT_OBJC_ISA_USAGE = YES_ERROR;
				CLANG_WARN_DOCUMENTATION_COMMENTS = YES;
				CLANG_WARN_EMPTY_BODY = YES;
				CLANG_WARN_ENUM_CONVERSION = YES;
				CLANG_WARN_INFINITE_RECURSION = YES;
				CLANG_WARN_INT_CONVERSION = YES;
				CLANG_WARN_OBJC_ROOT_CLASS = YES_ERROR;
				CLANG_WARN_SUSPICIOUS_MOVE = YES;
				CLANG_WARN_UNREACHABLE_CODE = YES;
				CLANG_WARN__DUPLICATE_METHOD_MATCH = YES;
				"CODE_SIGN_IDENTITY[sdk=iphoneos*]" = "iPhone Developer";
				COPY_PHASE_STRIP = NO;
				DEBUG_INFORMATION_FORMAT = "dwarf-with-dsym";
				ENABLE_NS_ASSERTIONS = NO;
				ENABLE_STRICT_OBJC_MSGSEND = YES;
				GCC_C_LANGUAGE_STANDARD = gnu99;
				GCC_NO_COMMON_BLOCKS = YES;
				GCC_WARN_64_TO_32_BIT_CONVERSION = YES;
				GCC_WARN_ABOUT_RETURN_TYPE = YES_ERROR;
				GCC_WARN_UNDECLARED_SELECTOR = YES;
				GCC_WARN_UNINITIALIZED_AUTOS = YES_AGGRESSIVE;
				GCC_WARN_UNUSED_FUNCTION = YES;
				GCC_WARN_UNUSED_VARIABLE = YES;
				IPHONEOS_DEPLOYMENT_TARGET = 10.2;
				MTL_ENABLE_DEBUG_INFO = NO;
				SDKROOT = iphoneos;
				SWIFT_OPTIMIZATION_LEVEL = "-Owholemodule";
				TARGETED_DEVICE_FAMILY = "1,2";
				VALIDATE_PRODUCT = YES;
			};
			name = Release;
		};
		AE08E9A11E86A858005C3681 /* Debug */ = {
			isa = XCBuildConfiguration;
			buildSettings = {
				ASSETCATALOG_COMPILER_APPICON_NAME = AppIcon;
				DEVELOPMENT_TEAM = 3D32EET7TF;
				INFOPLIST_FILE = BMSTU_Map/Info.plist;
				LD_RUNPATH_SEARCH_PATHS = "$(inherited) @executable_path/Frameworks";
				PRODUCT_BUNDLE_IDENTIFIER = "IU8-44.BMSTU-Map";
				PRODUCT_NAME = "$(TARGET_NAME)";
				SWIFT_VERSION = 3.0;
			};
			name = Debug;
		};
		AE08E9A21E86A858005C3681 /* Release */ = {
			isa = XCBuildConfiguration;
			buildSettings = {
				ASSETCATALOG_COMPILER_APPICON_NAME = AppIcon;
				DEVELOPMENT_TEAM = 3D32EET7TF;
				INFOPLIST_FILE = BMSTU_Map/Info.plist;
				LD_RUNPATH_SEARCH_PATHS = "$(inherited) @executable_path/Frameworks";
				PRODUCT_BUNDLE_IDENTIFIER = "IU8-44.BMSTU-Map";
				PRODUCT_NAME = "$(TARGET_NAME)";
				SWIFT_VERSION = 3.0;
			};
			name = Release;
		};
/* End XCBuildConfiguration section */

/* Begin XCConfigurationList section */
		AE08E9891E86A858005C3681 /* Build configuration list for PBXProject "BMSTU_Map" */ = {
			isa = XCConfigurationList;
			buildConfigurations = (
				AE08E99E1E86A858005C3681 /* Debug */,
				AE08E99F1E86A858005C3681 /* Release */,
			);
			defaultConfigurationIsVisible = 0;
			defaultConfigurationName = Release;
		};
		AE08E9A01E86A858005C3681 /* Build configuration list for PBXNativeTarget "BMSTU_Map" */ = {
			isa = XCConfigurationList;
			buildConfigurations = (
				AE08E9A11E86A858005C3681 /* Debug */,
				AE08E9A21E86A858005C3681 /* Release */,
			);
			defaultConfigurationIsVisible = 0;
		};
/* End XCConfigurationList section */
	};
	rootObject = AE08E9861E86A858005C3681 /* Project object */;
}
